{"1.2.0",
[{<<"cowboy">>,{pkg,<<"cowboy">>,<<"2.9.0">>},0},
 {<<"cowlib">>,{pkg,<<"cowlib">>,<<"2.11.0">>},0},
 {<<"mysql">>,{pkg,<<"mysql">>,<<"1.8.0">>},0},
 {<<"ranch">>,{pkg,<<"ranch">>,<<"2.1.0">>},0}]}.
[
{pkg_hash,[
 {<<"cowboy">>, <<"865DD8B6607E14CF03282E10E934023A1BD8BE6F6BACF921A7E2A96D800CD452">>},
 {<<"cowlib">>, <<"0B9FF9C346629256C42EBE1EEB769A83C6CB771A6EE5960BD110AB0B9B872063">>},
 {<<"mysql">>, <<"0E4BBCF701B7D8EA5C3750F220F26323C0FC18B844960988BE196B33A8A9F3C1">>},
 {<<"ranch">>, <<"2261F9ED9574DCFCC444106B9F6DA155E6E540B2F82BA3D42B339B93673B72A3">>}]},
{pkg_hash_ext,[
 {<<"cowboy">>, <<"2C729F934B4E1AA149AFF882F57C6372C15399A20D54F65C8D67BEF583021BDE">>},
 {<<"cowlib">>, <<"2B3E9DA0B21C4565751A6D4901C20D1B4CC25CBB7FD50D91D2AB6DD287BC86A9">>},
 {<<"mysql">>, <<"D473C479C19E5CDE20237458EEAD6673C3C00E0EF84AFD30615AEBBB67FEE7B3">>},
 {<<"ranch">>, <<"244EE3FA2A6175270D8E1FC59024FD9DBC76294A321057DE8F803B1479E76916">>}]}
].
